# THIS IS AN AUTOGENERATED FILE. DO NOT EDIT THIS FILE DIRECTLY.
# yarn lockfile v1


"@types/bun@latest":
  version "1.2.8"
  resolved "https://registry.yarnpkg.com/@types/bun/-/bun-1.2.8.tgz#67c3d7c0de3db4b5375968e4ff8c78d327f46dec"
  integrity sha512-t8L1RvJVUghW5V+M/fL3Thbxcs0HwNsXsnTEBEfEVqGteiJToOlZ/fyOEaR1kZsNqnu+3XA4RI/qmnX4w6+S+w==
  dependencies:
    bun-types "1.2.7"

"@types/node@*":
  version "22.13.14"
  resolved "https://registry.yarnpkg.com/@types/node/-/node-22.13.14.tgz#70d84ec91013dcd2ba2de35532a5a14c2b4cc912"
  integrity sha512-Zs/Ollc1SJ8nKUAgc7ivOEdIBM8JAKgrqqUYi2J997JuKO7/tpQC+WCetQ1sypiKCQWHdvdg9wBNpUPEWZae7w==
  dependencies:
    undici-types "~6.20.0"

"@types/ws@*":
  version "8.18.0"
  resolved "https://registry.yarnpkg.com/@types/ws/-/ws-8.18.0.tgz#8a2ec491d6f0685ceaab9a9b7ff44146236993b5"
  integrity sha512-8svvI3hMyvN0kKCJMvTJP/x6Y/EoQbepff882wL+Sn5QsXb3etnamgrJq4isrBxSJj5L2AuXcI0+bgkoAXGUJw==
  dependencies:
    "@types/node" "*"

bun-types@1.2.7:
  version "1.2.7"
  resolved "https://registry.yarnpkg.com/bun-types/-/bun-types-1.2.7.tgz#6dfc6800a41491bcac0ffd48a2c46c9de74dcaa5"
  integrity sha512-P4hHhk7kjF99acXqKvltyuMQ2kf/rzIw3ylEDpCxDS9Xa0X0Yp/gJu/vDCucmWpiur5qJ0lwB2bWzOXa2GlHqA==
  dependencies:
    "@types/node" "*"
    "@types/ws" "*"

hono@^4.7.5:
  version "4.7.5"
  resolved "https://registry.yarnpkg.com/hono/-/hono-4.7.5.tgz#5e28b48384971c16e011fe6f7b95668655d4b855"
  integrity sha512-fDOK5W2C1vZACsgLONigdZTRZxuBqFtcKh7bUQ5cVSbwI2RWjloJDcgFOVzbQrlI6pCmhlTsVYZ7zpLj4m4qMQ==

undici-types@~6.20.0:
  version "6.20.0"
  resolved "https://registry.yarnpkg.com/undici-types/-/undici-types-6.20.0.tgz#8171bf22c1f588d1554d55bf204bc624af388433"
  integrity sha512-Ny6QZ2Nju20vw1SRHe3d9jVu6gJ+4e3+MMpqu7pqE5HT6WsTSlce++GQmK5UXS8mzV8DSYHrQH+Xrf2jVcuKNg==
